// !$*UTF8*$!
{
	archiveVersion = 1;
	classes = {
	};
	objectVersion = 50;
	objects = {

/* Begin PBXBuildFile section */
		B81AEDD120A6C019003F56F1 /* CocoaLumberjack.framework in Frameworks */ = {isa = PBXBuildFile; fileRef = B81AEDD020A6C019003F56F1 /* CocoaLumberjack.framework */; };
		B81AEDD320A6C9FA003F56F1 /* MovieDetails.xib in Resources */ = {isa = PBXBuildFile; fileRef = B81AEDD220A6C9FA003F56F1 /* MovieDetails.xib */; };
		B81AEDD620A6CA28003F56F1 /* MovieDetailsViewModel.swift in Sources */ = {isa = PBXBuildFile; fileRef = B81AEDD520A6CA28003F56F1 /* MovieDetailsViewModel.swift */; };
		B81AEDD820A6CA37003F56F1 /* MovieDetailsViewController.swift in Sources */ = {isa = PBXBuildFile; fileRef = B81AEDD720A6CA37003F56F1 /* MovieDetailsViewController.swift */; };
		B81AEDDA20A6CA52003F56F1 /* AlamofireImage.framework in Frameworks */ = {isa = PBXBuildFile; fileRef = B81AEDD920A6CA52003F56F1 /* AlamofireImage.framework */; };
		B81AEDDD20A6CE8F003F56F1 /* UIView+Layer.swift in Sources */ = {isa = PBXBuildFile; fileRef = B81AEDDC20A6CE8E003F56F1 /* UIView+Layer.swift */; };
		B81C19A120A6277A0056C8E5 /* AppDelegate.swift in Sources */ = {isa = PBXBuildFile; fileRef = B81C19A020A6277A0056C8E5 /* AppDelegate.swift */; };
		B81C19A320A6277A0056C8E5 /* MoviesGridViewController.swift in Sources */ = {isa = PBXBuildFile; fileRef = B81C19A220A6277A0056C8E5 /* MoviesGridViewController.swift */; };
		B81C19A920A6277A0056C8E5 /* MovieGrid.xcdatamodeld in Sources */ = {isa = PBXBuildFile; fileRef = B81C19A720A6277A0056C8E5 /* MovieGrid.xcdatamodeld */; };
		B81C19AB20A6277B0056C8E5 /* Assets.xcassets in Resources */ = {isa = PBXBuildFile; fileRef = B81C19AA20A6277B0056C8E5 /* Assets.xcassets */; };
		B81C19BC20A62CE20056C8E5 /* RxSwift.framework in Frameworks */ = {isa = PBXBuildFile; fileRef = B81C19B920A62CE20056C8E5 /* RxSwift.framework */; };
		B81C19BD20A62CE20056C8E5 /* Alamofire.framework in Frameworks */ = {isa = PBXBuildFile; fileRef = B81C19BA20A62CE20056C8E5 /* Alamofire.framework */; };
		B81C19BE20A62CE20056C8E5 /* RxCocoa.framework in Frameworks */ = {isa = PBXBuildFile; fileRef = B81C19BB20A62CE20056C8E5 /* RxCocoa.framework */; };
		B81C19C120A62DCA0056C8E5 /* MoviesManager.swift in Sources */ = {isa = PBXBuildFile; fileRef = B81C19C020A62DCA0056C8E5 /* MoviesManager.swift */; };
		B81C19C520A6327F0056C8E5 /* SwiftyJSON.framework in Frameworks */ = {isa = PBXBuildFile; fileRef = B81C19C320A6327F0056C8E5 /* SwiftyJSON.framework */; };
		B81C19C620A6327F0056C8E5 /* Sync.framework in Frameworks */ = {isa = PBXBuildFile; fileRef = B81C19C420A6327F0056C8E5 /* Sync.framework */; };
		B81C19C820A633E60056C8E5 /* DataManager.swift in Sources */ = {isa = PBXBuildFile; fileRef = B81C19C720A633E60056C8E5 /* DataManager.swift */; };
		B81C19CB20A636610056C8E5 /* MoviesGridViewModel.swift in Sources */ = {isa = PBXBuildFile; fileRef = B81C19CA20A636610056C8E5 /* MoviesGridViewModel.swift */; };
		B81C19CD20A6369A0056C8E5 /* MoviesGrid.xib in Resources */ = {isa = PBXBuildFile; fileRef = B81C19CC20A6369A0056C8E5 /* MoviesGrid.xib */; };
		B81C19D020A639C20056C8E5 /* Movie+CoreDataClass.swift in Sources */ = {isa = PBXBuildFile; fileRef = B81C19CE20A639C20056C8E5 /* Movie+CoreDataClass.swift */; };
		B81C19D120A639C20056C8E5 /* Movie+CoreDataProperties.swift in Sources */ = {isa = PBXBuildFile; fileRef = B81C19CF20A639C20056C8E5 /* Movie+CoreDataProperties.swift */; };
		B81C19D420A63A640056C8E5 /* ManagerProvider.swift in Sources */ = {isa = PBXBuildFile; fileRef = B81C19D320A63A640056C8E5 /* ManagerProvider.swift */; };
		B81C19D620A63D140056C8E5 /* CocoaLumberjackSwift.framework in Frameworks */ = {isa = PBXBuildFile; fileRef = B81C19D520A63D140056C8E5 /* CocoaLumberjackSwift.framework */; };
		B81C19D820A640020056C8E5 /* MovieThumbnail.swift in Sources */ = {isa = PBXBuildFile; fileRef = B81C19D720A640020056C8E5 /* MovieThumbnail.swift */; };
		B830636220A645C50022E120 /* MovieThumbnail.xib in Resources */ = {isa = PBXBuildFile; fileRef = B830636120A645C50022E120 /* MovieThumbnail.xib */; };
		B830636420A646B50022E120 /* MovieThumbnailCell.swift in Sources */ = {isa = PBXBuildFile; fileRef = B830636320A646B50022E120 /* MovieThumbnailCell.swift */; };
		B8C1C1E120A796750018A274 /* LaunchScreen.xib in Resources */ = {isa = PBXBuildFile; fileRef = B8C1C1E020A796750018A274 /* LaunchScreen.xib */; };
/* End PBXBuildFile section */

/* Begin PBXFileReference section */
		B81AEDD020A6C019003F56F1 /* CocoaLumberjack.framework */ = {isa = PBXFileReference; lastKnownFileType = wrapper.framework; name = CocoaLumberjack.framework; path = Carthage/Build/iOS/CocoaLumberjack.framework; sourceTree = "<group>"; };
		B81AEDD220A6C9FA003F56F1 /* MovieDetails.xib */ = {isa = PBXFileReference; lastKnownFileType = file.xib; path = MovieDetails.xib; sourceTree = "<group>"; };
		B81AEDD520A6CA28003F56F1 /* MovieDetailsViewModel.swift */ = {isa = PBXFileReference; lastKnownFileType = sourcecode.swift; path = MovieDetailsViewModel.swift; sourceTree = "<group>"; };
		B81AEDD720A6CA37003F56F1 /* MovieDetailsViewController.swift */ = {isa = PBXFileReference; lastKnownFileType = sourcecode.swift; path = MovieDetailsViewController.swift; sourceTree = "<group>"; };
		B81AEDD920A6CA52003F56F1 /* AlamofireImage.framework */ = {isa = PBXFileReference; lastKnownFileType = wrapper.framework; name = AlamofireImage.framework; path = Carthage/Build/iOS/AlamofireImage.framework; sourceTree = "<group>"; };
		B81AEDDC20A6CE8E003F56F1 /* UIView+Layer.swift */ = {isa = PBXFileReference; lastKnownFileType = sourcecode.swift; path = "UIView+Layer.swift"; sourceTree = "<group>"; };
		B81C199D20A6277A0056C8E5 /* MovieGrid.app */ = {isa = PBXFileReference; explicitFileType = wrapper.application; includeInIndex = 0; path = MovieGrid.app; sourceTree = BUILT_PRODUCTS_DIR; };
		B81C19A020A6277A0056C8E5 /* AppDelegate.swift */ = {isa = PBXFileReference; lastKnownFileType = sourcecode.swift; path = AppDelegate.swift; sourceTree = "<group>"; };
		B81C19A220A6277A0056C8E5 /* MoviesGridViewController.swift */ = {isa = PBXFileReference; lastKnownFileType = sourcecode.swift; path = MoviesGridViewController.swift; sourceTree = "<group>"; };
		B81C19A820A6277A0056C8E5 /* MovieGrid.xcdatamodel */ = {isa = PBXFileReference; lastKnownFileType = wrapper.xcdatamodel; path = MovieGrid.xcdatamodel; sourceTree = "<group>"; };
		B81C19AA20A6277B0056C8E5 /* Assets.xcassets */ = {isa = PBXFileReference; lastKnownFileType = folder.assetcatalog; path = Assets.xcassets; sourceTree = "<group>"; };
		B81C19AF20A6277B0056C8E5 /* Info.plist */ = {isa = PBXFileReference; lastKnownFileType = text.plist.xml; path = Info.plist; sourceTree = "<group>"; };
		B81C19B920A62CE20056C8E5 /* RxSwift.framework */ = {isa = PBXFileReference; lastKnownFileType = wrapper.framework; name = RxSwift.framework; path = Carthage/Build/iOS/RxSwift.framework; sourceTree = "<group>"; };
		B81C19BA20A62CE20056C8E5 /* Alamofire.framework */ = {isa = PBXFileReference; lastKnownFileType = wrapper.framework; name = Alamofire.framework; path = Carthage/Build/iOS/Alamofire.framework; sourceTree = "<group>"; };
		B81C19BB20A62CE20056C8E5 /* RxCocoa.framework */ = {isa = PBXFileReference; lastKnownFileType = wrapper.framework; name = RxCocoa.framework; path = Carthage/Build/iOS/RxCocoa.framework; sourceTree = "<group>"; };
		B81C19C020A62DCA0056C8E5 /* MoviesManager.swift */ = {isa = PBXFileReference; lastKnownFileType = sourcecode.swift; path = MoviesManager.swift; sourceTree = "<group>"; };
		B81C19C320A6327F0056C8E5 /* SwiftyJSON.framework */ = {isa = PBXFileReference; lastKnownFileType = wrapper.framework; name = SwiftyJSON.framework; path = Carthage/Build/iOS/SwiftyJSON.framework; sourceTree = "<group>"; };
		B81C19C420A6327F0056C8E5 /* Sync.framework */ = {isa = PBXFileReference; lastKnownFileType = wrapper.framework; name = Sync.framework; path = Carthage/Build/iOS/Sync.framework; sourceTree = "<group>"; };
		B81C19C720A633E60056C8E5 /* DataManager.swift */ = {isa = PBXFileReference; lastKnownFileType = sourcecode.swift; path = DataManager.swift; sourceTree = "<group>"; };
		B81C19CA20A636610056C8E5 /* MoviesGridViewModel.swift */ = {isa = PBXFileReference; lastKnownFileType = sourcecode.swift; path = MoviesGridViewModel.swift; sourceTree = "<group>"; };
		B81C19CC20A6369A0056C8E5 /* MoviesGrid.xib */ = {isa = PBXFileReference; lastKnownFileType = file.xib; path = MoviesGrid.xib; sourceTree = "<group>"; };
		B81C19CE20A639C20056C8E5 /* Movie+CoreDataClass.swift */ = {isa = PBXFileReference; lastKnownFileType = sourcecode.swift; path = "Movie+CoreDataClass.swift"; sourceTree = "<group>"; };
		B81C19CF20A639C20056C8E5 /* Movie+CoreDataProperties.swift */ = {isa = PBXFileReference; lastKnownFileType = sourcecode.swift; path = "Movie+CoreDataProperties.swift"; sourceTree = "<group>"; };
		B81C19D320A63A640056C8E5 /* ManagerProvider.swift */ = {isa = PBXFileReference; lastKnownFileType = sourcecode.swift; path = ManagerProvider.swift; sourceTree = "<group>"; };
		B81C19D520A63D140056C8E5 /* CocoaLumberjackSwift.framework */ = {isa = PBXFileReference; lastKnownFileType = wrapper.framework; name = CocoaLumberjackSwift.framework; path = Carthage/Build/iOS/CocoaLumberjackSwift.framework; sourceTree = "<group>"; };
		B81C19D720A640020056C8E5 /* MovieThumbnail.swift */ = {isa = PBXFileReference; lastKnownFileType = sourcecode.swift; path = MovieThumbnail.swift; sourceTree = "<group>"; };
		B830636120A645C50022E120 /* MovieThumbnail.xib */ = {isa = PBXFileReference; lastKnownFileType = file.xib; path = MovieThumbnail.xib; sourceTree = "<group>"; };
		B830636320A646B50022E120 /* MovieThumbnailCell.swift */ = {isa = PBXFileReference; lastKnownFileType = sourcecode.swift; path = MovieThumbnailCell.swift; sourceTree = "<group>"; };
		B8C1C1E020A796750018A274 /* LaunchScreen.xib */ = {isa = PBXFileReference; lastKnownFileType = file.xib; path = LaunchScreen.xib; sourceTree = "<group>"; };
/* End PBXFileReference section */

/* Begin PBXFrameworksBuildPhase section */
		B81C199A20A6277A0056C8E5 /* Frameworks */ = {
			isa = PBXFrameworksBuildPhase;
			buildActionMask = 2147483647;
			files = (
				B81AEDDA20A6CA52003F56F1 /* AlamofireImage.framework in Frameworks */,
				B81AEDD120A6C019003F56F1 /* CocoaLumberjack.framework in Frameworks */,
				B81C19D620A63D140056C8E5 /* CocoaLumberjackSwift.framework in Frameworks */,
				B81C19C520A6327F0056C8E5 /* SwiftyJSON.framework in Frameworks */,
				B81C19C620A6327F0056C8E5 /* Sync.framework in Frameworks */,
				B81C19BC20A62CE20056C8E5 /* RxSwift.framework in Frameworks */,
				B81C19BD20A62CE20056C8E5 /* Alamofire.framework in Frameworks */,
				B81C19BE20A62CE20056C8E5 /* RxCocoa.framework in Frameworks */,
			);
			runOnlyForDeploymentPostprocessing = 0;
		};
/* End PBXFrameworksBuildPhase section */

/* Begin PBXGroup section */
		B81AEDD420A6C9FE003F56F1 /* MovieDetails */ = {
			isa = PBXGroup;
			children = (
				B81AEDD220A6C9FA003F56F1 /* MovieDetails.xib */,
				B81AEDD520A6CA28003F56F1 /* MovieDetailsViewModel.swift */,
				B81AEDD720A6CA37003F56F1 /* MovieDetailsViewController.swift */,
			);
			path = MovieDetails;
			sourceTree = "<group>";
		};
		B81AEDDB20A6CE70003F56F1 /* Common */ = {
			isa = PBXGroup;
			children = (
				B81AEDDC20A6CE8E003F56F1 /* UIView+Layer.swift */,
			);
			path = Common;
			sourceTree = "<group>";
		};
		B81C199420A6277A0056C8E5 = {
			isa = PBXGroup;
			children = (
				B81C199F20A6277A0056C8E5 /* MovieGrid */,
				B81C199E20A6277A0056C8E5 /* Products */,
				B81C19B820A62CE20056C8E5 /* Frameworks */,
			);
			sourceTree = "<group>";
		};
		B81C199E20A6277A0056C8E5 /* Products */ = {
			isa = PBXGroup;
			children = (
				B81C199D20A6277A0056C8E5 /* MovieGrid.app */,
			);
			name = Products;
			sourceTree = "<group>";
		};
		B81C199F20A6277A0056C8E5 /* MovieGrid */ = {
			isa = PBXGroup;
			children = (
				B81AEDDB20A6CE70003F56F1 /* Common */,
				B81C19D220A639CE0056C8E5 /* Model */,
				B81C19C220A62DD60056C8E5 /* Managers */,
				B81C19C920A636270056C8E5 /* Grid */,
				B81AEDD420A6C9FE003F56F1 /* MovieDetails */,
				B81C19A020A6277A0056C8E5 /* AppDelegate.swift */,
				B8C1C1E020A796750018A274 /* LaunchScreen.xib */,
				B81C19AA20A6277B0056C8E5 /* Assets.xcassets */,
				B81C19AF20A6277B0056C8E5 /* Info.plist */,
				B81C19A720A6277A0056C8E5 /* MovieGrid.xcdatamodeld */,
			);
			path = MovieGrid;
			sourceTree = "<group>";
		};
		B81C19B820A62CE20056C8E5 /* Frameworks */ = {
			isa = PBXGroup;
			children = (
				B81AEDD920A6CA52003F56F1 /* AlamofireImage.framework */,
				B81AEDD020A6C019003F56F1 /* CocoaLumberjack.framework */,
				B81C19D520A63D140056C8E5 /* CocoaLumberjackSwift.framework */,
				B81C19C320A6327F0056C8E5 /* SwiftyJSON.framework */,
				B81C19C420A6327F0056C8E5 /* Sync.framework */,
				B81C19BA20A62CE20056C8E5 /* Alamofire.framework */,
				B81C19BB20A62CE20056C8E5 /* RxCocoa.framework */,
				B81C19B920A62CE20056C8E5 /* RxSwift.framework */,
			);
			name = Frameworks;
			sourceTree = "<group>";
		};
		B81C19C220A62DD60056C8E5 /* Managers */ = {
			isa = PBXGroup;
			children = (
				B81C19D320A63A640056C8E5 /* ManagerProvider.swift */,
				B81C19C020A62DCA0056C8E5 /* MoviesManager.swift */,
				B81C19C720A633E60056C8E5 /* DataManager.swift */,
			);
			path = Managers;
			sourceTree = "<group>";
		};
		B81C19C920A636270056C8E5 /* Grid */ = {
			isa = PBXGroup;
			children = (
				B81C19CC20A6369A0056C8E5 /* MoviesGrid.xib */,
				B81C19CA20A636610056C8E5 /* MoviesGridViewModel.swift */,
				B81C19A220A6277A0056C8E5 /* MoviesGridViewController.swift */,
				B830636120A645C50022E120 /* MovieThumbnail.xib */,
				B81C19D720A640020056C8E5 /* MovieThumbnail.swift */,
				B830636320A646B50022E120 /* MovieThumbnailCell.swift */,
			);
			path = Grid;
			sourceTree = "<group>";
		};
		B81C19D220A639CE0056C8E5 /* Model */ = {
			isa = PBXGroup;
			children = (
				B81C19CE20A639C20056C8E5 /* Movie+CoreDataClass.swift */,
				B81C19CF20A639C20056C8E5 /* Movie+CoreDataProperties.swift */,
			);
			path = Model;
			sourceTree = "<group>";
		};
/* End PBXGroup section */

/* Begin PBXNativeTarget section */
		B81C199C20A6277A0056C8E5 /* MovieGrid */ = {
			isa = PBXNativeTarget;
			buildConfigurationList = B81C19B220A6277B0056C8E5 /* Build configuration list for PBXNativeTarget "MovieGrid" */;
			buildPhases = (
				B81C199920A6277A0056C8E5 /* Sources */,
				B81C199A20A6277A0056C8E5 /* Frameworks */,
				B81C199B20A6277A0056C8E5 /* Resources */,
				B81C19BF20A62CEA0056C8E5 /* Copy Carthage Frameworks */,
			);
			buildRules = (
			);
			dependencies = (
			);
			name = MovieGrid;
			productName = MovieGrid;
			productReference = B81C199D20A6277A0056C8E5 /* MovieGrid.app */;
			productType = "com.apple.product-type.application";
		};
/* End PBXNativeTarget section */

/* Begin PBXProject section */
		B81C199520A6277A0056C8E5 /* Project object */ = {
			isa = PBXProject;
			attributes = {
				LastSwiftUpdateCheck = 0930;
				LastUpgradeCheck = 0930;
				ORGANIZATIONNAME = "Ihor Vovk";
				TargetAttributes = {
					B81C199C20A6277A0056C8E5 = {
						CreatedOnToolsVersion = 9.3;
					};
				};
			};
			buildConfigurationList = B81C199820A6277A0056C8E5 /* Build configuration list for PBXProject "MovieGrid" */;
			compatibilityVersion = "Xcode 9.3";
			developmentRegion = en;
			hasScannedForEncodings = 0;
			knownRegions = (
				en,
				Base,
			);
			mainGroup = B81C199420A6277A0056C8E5;
			productRefGroup = B81C199E20A6277A0056C8E5 /* Products */;
			projectDirPath = "";
			projectRoot = "";
			targets = (
				B81C199C20A6277A0056C8E5 /* MovieGrid */,
			);
		};
/* End PBXProject section */

/* Begin PBXResourcesBuildPhase section */
		B81C199B20A6277A0056C8E5 /* Resources */ = {
			isa = PBXResourcesBuildPhase;
			buildActionMask = 2147483647;
			files = (
				B8C1C1E120A796750018A274 /* LaunchScreen.xib in Resources */,
				B81C19CD20A6369A0056C8E5 /* MoviesGrid.xib in Resources */,
				B81C19AB20A6277B0056C8E5 /* Assets.xcassets in Resources */,
				B830636220A645C50022E120 /* MovieThumbnail.xib in Resources */,
				B81AEDD320A6C9FA003F56F1 /* MovieDetails.xib in Resources */,
			);
			runOnlyForDeploymentPostprocessing = 0;
		};
/* End PBXResourcesBuildPhase section */

/* Begin PBXShellScriptBuildPhase section */
		B81C19BF20A62CEA0056C8E5 /* Copy Carthage Frameworks */ = {
			isa = PBXShellScriptBuildPhase;
			buildActionMask = 2147483647;
			files = (
			);
			inputPaths = (
				"$(SRCROOT)/Carthage/Build/iOS/Alamofire.framework",
				"$(SRCROOT)/Carthage/Build/iOS/RxSwift.framework",
				"$(SRCROOT)/Carthage/Build/iOS/RxCocoa.framework",
				"$(SRCROOT)/Carthage/Build/iOS/SwiftyJSON.framework",
				"$(SRCROOT)/Carthage/Build/iOS/Sync.framework",
				"$(SRCROOT)/Carthage/Build/iOS/CocoaLumberjackSwift.framework",
				"$(SRCROOT)/Carthage/Build/iOS/CocoaLumberjack.framework",
				"$(SRCROOT)/Carthage/Build/iOS/AlamofireImage.framework",
			);
			name = "Copy Carthage Frameworks";
			outputPaths = (
			);
			runOnlyForDeploymentPostprocessing = 0;
			shellPath = /bin/sh;
			shellScript = "/usr/local/bin/carthage copy-frameworks";
		};
/* End PBXShellScriptBuildPhase section */

/* Begin PBXSourcesBuildPhase section */
		B81C199920A6277A0056C8E5 /* Sources */ = {
			isa = PBXSourcesBuildPhase;
			buildActionMask = 2147483647;
			files = (
				B81C19D020A639C20056C8E5 /* Movie+CoreDataClass.swift in Sources */,
				B81C19C120A62DCA0056C8E5 /* MoviesManager.swift in Sources */,
				B81AEDD820A6CA37003F56F1 /* MovieDetailsViewController.swift in Sources */,
				B81C19CB20A636610056C8E5 /* MoviesGridViewModel.swift in Sources */,
				B81C19D820A640020056C8E5 /* MovieThumbnail.swift in Sources */,
				B81C19C820A633E60056C8E5 /* DataManager.swift in Sources */,
				B81AEDDD20A6CE8F003F56F1 /* UIView+Layer.swift in Sources */,
				B81C19D120A639C20056C8E5 /* Movie+CoreDataProperties.swift in Sources */,
				B81C19A320A6277A0056C8E5 /* MoviesGridViewController.swift in Sources */,
				B81C19A920A6277A0056C8E5 /* MovieGrid.xcdatamodeld in Sources */,
				B81AEDD620A6CA28003F56F1 /* MovieDetailsViewModel.swift in Sources */,
				B81C19A120A6277A0056C8E5 /* AppDelegate.swift in Sources */,
				B81C19D420A63A640056C8E5 /* ManagerProvider.swift in Sources */,
				B830636420A646B50022E120 /* MovieThumbnailCell.swift in Sources */,
			);
			runOnlyForDeploymentPostprocessing = 0;
		};
/* End PBXSourcesBuildPhase section */

/* Begin XCBuildConfiguration section */
		B81C19B020A6277B0056C8E5 /* Debug */ = {
			isa = XCBuildConfiguration;
			buildSettings = {
				ALWAYS_SEARCH_USER_PATHS = NO;
				CLANG_ANALYZER_NONNULL = YES;
				CLANG_ANALYZER_NUMBER_OBJECT_CONVERSION = YES_AGGRESSIVE;
				CLANG_CXX_LANGUAGE_STANDARD = "gnu++14";
				CLANG_CXX_LIBRARY = "libc++";
				CLANG_ENABLE_MODULES = YES;
				CLANG_ENABLE_OBJC_ARC = YES;
				CLANG_ENABLE_OBJC_WEAK = YES;
				CLANG_WARN_BLOCK_CAPTURE_AUTORELEASING = YES;
				CLANG_WARN_BOOL_CONVERSION = YES;
				CLANG_WARN_COMMA = YES;
				CLANG_WARN_CONSTANT_CONVERSION = YES;
				CLANG_WARN_DEPRECATED_OBJC_IMPLEMENTATIONS = YES;
				CLANG_WARN_DIRECT_OBJC_ISA_USAGE = YES_ERROR;
				CLANG_WARN_DOCUMENTATION_COMMENTS = YES;
				CLANG_WARN_EMPTY_BODY = YES;
				CLANG_WARN_ENUM_CONVERSION = YES;
				CLANG_WARN_INFINITE_RECURSION = YES;
				CLANG_WARN_INT_CONVERSION = YES;
				CLANG_WARN_NON_LITERAL_NULL_CONVERSION = YES;
				CLANG_WARN_OBJC_IMPLICIT_RETAIN_SELF = YES;
				CLANG_WARN_OBJC_LITERAL_CONVERSION = YES;
				CLANG_WARN_OBJC_ROOT_CLASS = YES_ERROR;
				CLANG_WARN_RANGE_LOOP_ANALYSIS = YES;
				CLANG_WARN_STRICT_PROTOTYPES = YES;
				CLANG_WARN_SUSPICIOUS_MOVE = YES;
				CLANG_WARN_UNGUARDED_AVAILABILITY = YES_AGGRESSIVE;
				CLANG_WARN_UNREACHABLE_CODE = YES;
				CLANG_WARN__DUPLICATE_METHOD_MATCH = YES;
				CODE_SIGN_IDENTITY = "iPhone Developer";
				COPY_PHASE_STRIP = NO;
				DEBUG_INFORMATION_FORMAT = dwarf;
				ENABLE_STRICT_OBJC_MSGSEND = YES;
				ENABLE_TESTABILITY = YES;
				GCC_C_LANGUAGE_STANDARD = gnu11;
				GCC_DYNAMIC_NO_PIC = NO;
				GCC_NO_COMMON_BLOCKS = YES;
				GCC_OPTIMIZATION_LEVEL = 0;
				GCC_PREPROCESSOR_DEFINITIONS = (
					"DEBUG=1",
					"$(inherited)",
				);
				GCC_WARN_64_TO_32_BIT_CONVERSION = YES;
				GCC_WARN_ABOUT_RETURN_TYPE = YES_ERROR;
				GCC_WARN_UNDECLARED_SELECTOR = YES;
				GCC_WARN_UNINITIALIZED_AUTOS = YES_AGGRESSIVE;
				GCC_WARN_UNUSED_FUNCTION = YES;
				GCC_WARN_UNUSED_VARIABLE = YES;
				IPHONEOS_DEPLOYMENT_TARGET = 11.3;
				MTL_ENABLE_DEBUG_INFO = YES;
				ONLY_ACTIVE_ARCH = YES;
				SDKROOT = iphoneos;
				SWIFT_ACTIVE_COMPILATION_CONDITIONS = DEBUG;
				SWIFT_OPTIMIZATION_LEVEL = "-Onone";
			};
			name = Debug;
		};
		B81C19B120A6277B0056C8E5 /* Release */ = {
			isa = XCBuildConfiguration;
			buildSettings = {
				ALWAYS_SEARCH_USER_PATHS = NO;
				CLANG_ANALYZER_NONNULL = YES;
				CLANG_ANALYZER_NUMBER_OBJECT_CONVERSION = YES_AGGRESSIVE;
				CLANG_CXX_LANGUAGE_STANDARD = "gnu++14";
				CLANG_CXX_LIBRARY = "libc++";
				CLANG_ENABLE_MODULES = YES;
				CLANG_ENABLE_OBJC_ARC = YES;
				CLANG_ENABLE_OBJC_WEAK = YES;
				CLANG_WARN_BLOCK_CAPTURE_AUTORELEASING = YES;
				CLANG_WARN_BOOL_CONVERSION = YES;
				CLANG_WARN_COMMA = YES;
				CLANG_WARN_CONSTANT_CONVERSION = YES;
				CLANG_WARN_DEPRECATED_OBJC_IMPLEMENTATIONS = YES;
				CLANG_WARN_DIRECT_OBJC_ISA_USAGE = YES_ERROR;
				CLANG_WARN_DOCUMENTATION_COMMENTS = YES;
				CLANG_WARN_EMPTY_BODY = YES;
				CLANG_WARN_ENUM_CONVERSION = YES;
				CLANG_WARN_INFINITE_RECURSION = YES;
				CLANG_WARN_INT_CONVERSION = YES;
				CLANG_WARN_NON_LITERAL_NULL_CONVERSION = YES;
				CLANG_WARN_OBJC_IMPLICIT_RETAIN_SELF = YES;
				CLANG_WARN_OBJC_LITERAL_CONVERSION = YES;
				CLANG_WARN_OBJC_ROOT_CLASS = YES_ERROR;
				CLANG_WARN_RANGE_LOOP_ANALYSIS = YES;
				CLANG_WARN_STRICT_PROTOTYPES = YES;
				CLANG_WARN_SUSPICIOUS_MOVE = YES;
				CLANG_WARN_UNGUARDED_AVAILABILITY = YES_AGGRESSIVE;
				CLANG_WARN_UNREACHABLE_CODE = YES;
				CLANG_WARN__DUPLICATE_METHOD_MATCH = YES;
				CODE_SIGN_IDENTITY = "iPhone Developer";
				COPY_PHASE_STRIP = NO;
				DEBUG_INFORMATION_FORMAT = "dwarf-with-dsym";
				ENABLE_NS_ASSERTIONS = NO;
				ENABLE_STRICT_OBJC_MSGSEND = YES;
				GCC_C_LANGUAGE_STANDARD = gnu11;
				GCC_NO_COMMON_BLOCKS = YES;
				GCC_WARN_64_TO_32_BIT_CONVERSION = YES;
				GCC_WARN_ABOUT_RETURN_TYPE = YES_ERROR;
				GCC_WARN_UNDECLARED_SELECTOR = YES;
				GCC_WARN_UNINITIALIZED_AUTOS = YES_AGGRESSIVE;
				GCC_WARN_UNUSED_FUNCTION = YES;
				GCC_WARN_UNUSED_VARIABLE = YES;
				IPHONEOS_DEPLOYMENT_TARGET = 11.3;
				MTL_ENABLE_DEBUG_INFO = NO;
				SDKROOT = iphoneos;
				SWIFT_COMPILATION_MODE = wholemodule;
				SWIFT_OPTIMIZATION_LEVEL = "-O";
				VALIDATE_PRODUCT = YES;
			};
			name = Release;
		};
		B81C19B320A6277B0056C8E5 /* Debug */ = {
			isa = XCBuildConfiguration;
			buildSettings = {
				ASSETCATALOG_COMPILER_APPICON_NAME = AppIcon;
				CODE_SIGN_STYLE = Automatic;
				DEVELOPMENT_TEAM = 8684QJA92T;
				FRAMEWORK_SEARCH_PATHS = (
					"$(inherited)",
					"$(PROJECT_DIR)/Carthage/Build/iOS",
				);
				INFOPLIST_FILE = MovieGrid/Info.plist;
				LD_RUNPATH_SEARCH_PATHS = (
					"$(inherited)",
					"@executable_path/Frameworks",
				);
				PRODUCT_BUNDLE_IDENTIFIER = com.ihor.m.vovk.MovieGrid;
				PRODUCT_NAME = "$(TARGET_NAME)";
				SWIFT_VERSION = 4.0;
				TARGETED_DEVICE_FAMILY = "1,2";
			};
			name = Debug;
		};
		B81C19B420A6277B0056C8E5 /* Release */ = {
			isa = XCBuildConfiguration;
			buildSettings = {
				ASSETCATALOG_COMPILER_APPICON_NAME = AppIcon;
				CODE_SIGN_STYLE = Automatic;
				DEVELOPMENT_TEAM = 8684QJA92T;
				FRAMEWORK_SEARCH_PATHS = (
					"$(inherited)",
					"$(PROJECT_DIR)/Carthage/Build/iOS",
				);
				INFOPLIST_FILE = MovieGrid/Info.plist;
				LD_RUNPATH_SEARCH_PATHS = (
					"$(inherited)",
					"@executable_path/Frameworks",
				);
				PRODUCT_BUNDLE_IDENTIFIER = com.ihor.m.vovk.MovieGrid;
				PRODUCT_NAME = "$(TARGET_NAME)";
				SWIFT_VERSION = 4.0;
				TARGETED_DEVICE_FAMILY = "1,2";
			};
			name = Release;
		};
/* End XCBuildConfiguration section */

/* Begin XCConfigurationList section */
		B81C199820A6277A0056C8E5 /* Build configuration list for PBXProject "MovieGrid" */ = {
			isa = XCConfigurationList;
			buildConfigurations = (
				B81C19B020A6277B0056C8E5 /* Debug */,
				B81C19B120A6277B0056C8E5 /* Release */,
			);
			defaultConfigurationIsVisible = 0;
			defaultConfigurationName = Release;
		};
		B81C19B220A6277B0056C8E5 /* Build configuration list for PBXNativeTarget "MovieGrid" */ = {
			isa = XCConfigurationList;
			buildConfigurations = (
				B81C19B320A6277B0056C8E5 /* Debug */,
				B81C19B420A6277B0056C8E5 /* Release */,
			);
			defaultConfigurationIsVisible = 0;
			defaultConfigurationName = Release;
		};
/* End XCConfigurationList section */

/* Begin XCVersionGroup section */
		B81C19A720A6277A0056C8E5 /* MovieGrid.xcdatamodeld */ = {
			isa = XCVersionGroup;
			children = (
				B81C19A820A6277A0056C8E5 /* MovieGrid.xcdatamodel */,
			);
			currentVersion = B81C19A820A6277A0056C8E5 /* MovieGrid.xcdatamodel */;
			path = MovieGrid.xcdatamodeld;
			sourceTree = "<group>";
			versionGroupType = wrapper.xcdatamodel;
		};
/* End XCVersionGroup section */
	};
	rootObject = B81C199520A6277A0056C8E5 /* Project object */;
}
